
Microsoft Visual Studio Solution File, Format Version 12.00
# Visual Studio Version 16
VisualStudioVersion = 16.0.28803.156
MinimumVisualStudioVersion = 10.0.40219.1
Project("{FAE04EC0-301F-11D3-BF4B-00C04F79EFBC}") = "RestSharpCRUD", "RestSharpCRUD\RestSharpCRUD.csproj", "{E0E6F322-AFAD-4C8B-BA4A-FB748159B99C}"
EndProject
Global
	GlobalSection(SolutionConfigurationPlatforms) = preSolution
		Debug|Any CPU = Debug|Any CPU
		Release|Any CPU = Release|Any CPU
	EndGlobalSection
	GlobalSection(ProjectConfigurationPlatforms) = postSolution
		{E0E6F322-AFAD-4C8B-BA4A-FB748159B99C}.Debug|Any CPU.ActiveCfg = Debug|Any CPU
		{E0E6F322-AFAD-4C8B-BA4A-FB748159B99C}.Debug|Any CPU.Build.0 = Debug|Any CPU
		{E0E6F322-AFAD-4C8B-BA4A-FB748159B99C}.Release|Any CPU.ActiveCfg = Release|Any CPU
		{E0E6F322-AFAD-4C8B-BA4A-FB748159B99C}.Release|Any CPU.Build.0 = Release|Any CPU
	EndGlobalSection
	GlobalSection(SolutionProperties) = preSolution
		HideSolutionNode = FALSE
	EndGlobalSection
	GlobalSection(ExtensibilityGlobals) = postSolution
		SolutionGuid = {3C76E137-E653-42D1-AA20-EFDC8B71FB54}
	EndGlobalSection
EndGlobal
